
Microsoft Visual Studio Solution File, Format Version 12.00
# Visual Studio 2013
VisualStudioVersion = 12.0.30723.0
MinimumVisualStudioVersion = 10.0.40219.1
Project("{FAE04EC0-301F-11D3-BF4B-00C04F79EFBC}") = "FileUploadDemoServer", "FileUploadDemo.Server\FileUploadDemoServer.csproj", "{92154555-229A-4BEC-831C-E3F0865FE514}"
EndProject
Project("{FAE04EC0-301F-11D3-BF4B-00C04F79EFBC}") = "FileUploadDemoClient", "FileUploadDemo.Client\FileUploadDemoClient.csproj", "{F37D891B-9669-4452-89DF-B4C319D2B2AD}"
EndProject
Project("{2150E333-8FDC-42A3-9474-1A3956D46DE8}") = ".nuget", ".nuget", "{828E3415-FB77-4417-9901-3C644DF8837B}"
	ProjectSection(SolutionItems) = preProject
		.nuget\NuGet.Config = .nuget\NuGet.Config
		.nuget\NuGet.exe = .nuget\NuGet.exe
		.nuget\NuGet.targets = .nuget\NuGet.targets
	EndProjectSection
EndProject
Global
	GlobalSection(SolutionConfigurationPlatforms) = preSolution
		Debug|Any CPU = Debug|Any CPU
		Release|Any CPU = Release|Any CPU
	EndGlobalSection
	GlobalSection(ProjectConfigurationPlatforms) = postSolution
		{92154555-229A-4BEC-831C-E3F0865FE514}.Debug|Any CPU.ActiveCfg = Debug|Any CPU
		{92154555-229A-4BEC-831C-E3F0865FE514}.Debug|Any CPU.Build.0 = Debug|Any CPU
		{92154555-229A-4BEC-831C-E3F0865FE514}.Release|Any CPU.ActiveCfg = Release|Any CPU
		{92154555-229A-4BEC-831C-E3F0865FE514}.Release|Any CPU.Build.0 = Release|Any CPU
		{F37D891B-9669-4452-89DF-B4C319D2B2AD}.Debug|Any CPU.ActiveCfg = Debug|Any CPU
		{F37D891B-9669-4452-89DF-B4C319D2B2AD}.Debug|Any CPU.Build.0 = Debug|Any CPU
		{F37D891B-9669-4452-89DF-B4C319D2B2AD}.Release|Any CPU.ActiveCfg = Release|Any CPU
		{F37D891B-9669-4452-89DF-B4C319D2B2AD}.Release|Any CPU.Build.0 = Release|Any CPU
	EndGlobalSection
	GlobalSection(SolutionProperties) = preSolution
		HideSolutionNode = FALSE
	EndGlobalSection
EndGlobal
